
Microsoft Visual Studio Solution File, Format Version 12.00
# Visual Studio Version 17
VisualStudioVersion = 17.6.33723.286
MinimumVisualStudioVersion = 10.0.40219.1
Project("{8BC9CEB8-8B4A-11D0-8D11-00A0C91BC942}") = "RuntimeFuncSysCall", "RuntimeFuncSysCall.vcxproj", "{2722BE55-DABC-45B2-8F3C-FA57C4504E06}"
EndProject
Global
	GlobalSection(SolutionConfigurationPlatforms) = preSolution
		Debug|x64 = Debug|x64
		Debug|x86 = Debug|x86
		Release|x64 = Release|x64
		Release|x86 = Release|x86
	EndGlobalSection
	GlobalSection(ProjectConfigurationPlatforms) = postSolution
		{2722BE55-DABC-45B2-8F3C-FA57C4504E06}.Debug|x64.ActiveCfg = Debug|x64
		{2722BE55-DABC-45B2-8F3C-FA57C4504E06}.Debug|x64.Build.0 = Debug|x64
		{2722BE55-DABC-45B2-8F3C-FA57C4504E06}.Debug|x86.ActiveCfg = Debug|Win32
		{2722BE55-DABC-45B2-8F3C-FA57C4504E06}.Debug|x86.Build.0 = Debug|Win32
		{2722BE55-DABC-45B2-8F3C-FA57C4504E06}.Release|x64.ActiveCfg = Release|x64
		{2722BE55-DABC-45B2-8F3C-FA57C4504E06}.Release|x64.Build.0 = Release|x64
		{2722BE55-DABC-45B2-8F3C-FA57C4504E06}.Release|x86.ActiveCfg = Release|Win32
		{2722BE55-DABC-45B2-8F3C-FA57C4504E06}.Release|x86.Build.0 = Release|Win32
	EndGlobalSection
	GlobalSection(SolutionProperties) = preSolution
		HideSolutionNode = FALSE
	EndGlobalSection
	GlobalSection(ExtensibilityGlobals) = postSolution
		SolutionGuid = {D6AD098D-CCA0-43E7-B1F3-E5AA135F0D22}
	EndGlobalSection
EndGlobal
